
Microsoft Visual Studio Solution File, Format Version 12.00
# Visual Studio Version 17
VisualStudioVersion = 17.14.36109.1
MinimumVisualStudioVersion = 10.0.40219.1
Project("{9A19103F-16F7-4668-BE54-9A1E7A4F7556}") = "CP3.Estrutura.UI", "CP3\CP3.Estrutura.UI.csproj", "{16624EA3-40DC-4B0A-ACF2-3CAA76F61243}"
EndProject
Project("{9A19103F-16F7-4668-BE54-9A1E7A4F7556}") = "CP3.Estrutura.Controller", "CP3.Estrutura.Controller\CP3.Estrutura.Controller.csproj", "{8BA551AD-16D7-4B6A-A473-CA3AF5435423}"
EndProject
Project("{9A19103F-16F7-4668-BE54-9A1E7A4F7556}") = "CP3.Estrutura.Model", "CP3.Estrutura.Model\CP3.Estrutura.Model.csproj", "{8B06CF05-F4B7-43F0-9D73-B72EBD20FEC0}"
EndProject
Project("{9A19103F-16F7-4668-BE54-9A1E7A4F7556}") = "CP3.Estrutura.Repository", "CP3.Estrutura.Repository\CP3.Estrutura.Repository.csproj", "{5241A366-2355-48F9-BDDD-FC85FCD76CC6}"
EndProject
Global
	GlobalSection(SolutionConfigurationPlatforms) = preSolution
		Debug|Any CPU = Debug|Any CPU
		Release|Any CPU = Release|Any CPU
	EndGlobalSection
	GlobalSection(ProjectConfigurationPlatforms) = postSolution
		{16624EA3-40DC-4B0A-ACF2-3CAA76F61243}.Debug|Any CPU.ActiveCfg = Debug|Any CPU
		{16624EA3-40DC-4B0A-ACF2-3CAA76F61243}.Debug|Any CPU.Build.0 = Debug|Any CPU
		{16624EA3-40DC-4B0A-ACF2-3CAA76F61243}.Release|Any CPU.ActiveCfg = Release|Any CPU
		{16624EA3-40DC-4B0A-ACF2-3CAA76F61243}.Release|Any CPU.Build.0 = Release|Any CPU
		{8BA551AD-16D7-4B6A-A473-CA3AF5435423}.Debug|Any CPU.ActiveCfg = Debug|Any CPU
		{8BA551AD-16D7-4B6A-A473-CA3AF5435423}.Debug|Any CPU.Build.0 = Debug|Any CPU
		{8BA551AD-16D7-4B6A-A473-CA3AF5435423}.Release|Any CPU.ActiveCfg = Release|Any CPU
		{8BA551AD-16D7-4B6A-A473-CA3AF5435423}.Release|Any CPU.Build.0 = Release|Any CPU
		{8B06CF05-F4B7-43F0-9D73-B72EBD20FEC0}.Debug|Any CPU.ActiveCfg = Debug|Any CPU
		{8B06CF05-F4B7-43F0-9D73-B72EBD20FEC0}.Debug|Any CPU.Build.0 = Debug|Any CPU
		{8B06CF05-F4B7-43F0-9D73-B72EBD20FEC0}.Release|Any CPU.ActiveCfg = Release|Any CPU
		{8B06CF05-F4B7-43F0-9D73-B72EBD20FEC0}.Release|Any CPU.Build.0 = Release|Any CPU
		{5241A366-2355-48F9-BDDD-FC85FCD76CC6}.Debug|Any CPU.ActiveCfg = Debug|Any CPU
		{5241A366-2355-48F9-BDDD-FC85FCD76CC6}.Debug|Any CPU.Build.0 = Debug|Any CPU
		{5241A366-2355-48F9-BDDD-FC85FCD76CC6}.Release|Any CPU.ActiveCfg = Release|Any CPU
		{5241A366-2355-48F9-BDDD-FC85FCD76CC6}.Release|Any CPU.Build.0 = Release|Any CPU
	EndGlobalSection
	GlobalSection(SolutionProperties) = preSolution
		HideSolutionNode = FALSE
	EndGlobalSection
	GlobalSection(ExtensibilityGlobals) = postSolution
		SolutionGuid = {0A56C1D7-A11E-494A-AFD7-7C67AF911D89}
	EndGlobalSection
EndGlobal
